// !$*UTF8*$!
{
	archiveVersion = 1;
	classes = {
	};
	objectVersion = 46;
	objects = {

/* Begin PBXBuildFile section */
		55DD841E17BFFD5400AC42A1 /* UIKit.framework in Frameworks */ = {isa = PBXBuildFile; fileRef = 55DD841D17BFFD5400AC42A1 /* UIKit.framework */; };
		55DD842017BFFD5400AC42A1 /* Foundation.framework in Frameworks */ = {isa = PBXBuildFile; fileRef = 55DD841F17BFFD5400AC42A1 /* Foundation.framework */; };
		55DD842217BFFD5400AC42A1 /* CoreGraphics.framework in Frameworks */ = {isa = PBXBuildFile; fileRef = 55DD842117BFFD5400AC42A1 /* CoreGraphics.framework */; };
		55DD842817BFFD5400AC42A1 /* InfoPlist.strings in Resources */ = {isa = PBXBuildFile; fileRef = 55DD842617BFFD5400AC42A1 /* InfoPlist.strings */; };
		55DD842A17BFFD5400AC42A1 /* main.m in Sources */ = {isa = PBXBuildFile; fileRef = 55DD842917BFFD5400AC42A1 /* main.m */; };
		55DD842E17BFFD5400AC42A1 /* AppDelegate.m in Sources */ = {isa = PBXBuildFile; fileRef = 55DD842D17BFFD5400AC42A1 /* AppDelegate.m */; };
		55DD843017BFFD5400AC42A1 /* Default.png in Resources */ = {isa = PBXBuildFile; fileRef = 55DD842F17BFFD5400AC42A1 /* Default.png */; };
		55DD843217BFFD5400AC42A1 /* Default@2x.png in Resources */ = {isa = PBXBuildFile; fileRef = 55DD843117BFFD5400AC42A1 /* Default@2x.png */; };
		55DD843417BFFD5400AC42A1 /* Default-568h@2x.png in Resources */ = {isa = PBXBuildFile; fileRef = 55DD843317BFFD5400AC42A1 /* Default-568h@2x.png */; };
		55DD843717BFFD5400AC42A1 /* MainStoryboard.storyboard in Resources */ = {isa = PBXBuildFile; fileRef = 55DD843517BFFD5400AC42A1 /* MainStoryboard.storyboard */; };
		55DD843A17BFFD5400AC42A1 /* ViewController.m in Sources */ = {isa = PBXBuildFile; fileRef = 55DD843917BFFD5400AC42A1 /* ViewController.m */; };
		55DD844117BFFD6C00AC42A1 /* QuartzCore.framework in Frameworks */ = {isa = PBXBuildFile; fileRef = 55DD844017BFFD6C00AC42A1 /* QuartzCore.framework */; };
		55DD844317BFFD7400AC42A1 /* CoreLocation.framework in Frameworks */ = {isa = PBXBuildFile; fileRef = 55DD844217BFFD7400AC42A1 /* CoreLocation.framework */; };
		55DD844517BFFE5800AC42A1 /* compass_needle.png in Resources */ = {isa = PBXBuildFile; fileRef = 55DD844417BFFE5800AC42A1 /* compass_needle.png */; };
/* End PBXBuildFile section */

/* Begin PBXFileReference section */
		55DD841A17BFFD5400AC42A1 /* TestCompass.app */ = {isa = PBXFileReference; explicitFileType = wrapper.application; includeInIndex = 0; path = TestCompass.app; sourceTree = BUILT_PRODUCTS_DIR; };
		55DD841D17BFFD5400AC42A1 /* UIKit.framework */ = {isa = PBXFileReference; lastKnownFileType = wrapper.framework; name = UIKit.framework; path = System/Library/Frameworks/UIKit.framework; sourceTree = SDKROOT; };
		55DD841F17BFFD5400AC42A1 /* Foundation.framework */ = {isa = PBXFileReference; lastKnownFileType = wrapper.framework; name = Foundation.framework; path = System/Library/Frameworks/Foundation.framework; sourceTree = SDKROOT; };
		55DD842117BFFD5400AC42A1 /* CoreGraphics.framework */ = {isa = PBXFileReference; lastKnownFileType = wrapper.framework; name = CoreGraphics.framework; path = System/Library/Frameworks/CoreGraphics.framework; sourceTree = SDKROOT; };
		55DD842517BFFD5400AC42A1 /* TestCompass-Info.plist */ = {isa = PBXFileReference; lastKnownFileType = text.plist.xml; path = "TestCompass-Info.plist"; sourceTree = "<group>"; };
		55DD842717BFFD5400AC42A1 /* en */ = {isa = PBXFileReference; lastKnownFileType = text.plist.strings; name = en; path = en.lproj/InfoPlist.strings; sourceTree = "<group>"; };
		55DD842917BFFD5400AC42A1 /* main.m */ = {isa = PBXFileReference; lastKnownFileType = sourcecode.c.objc; path = main.m; sourceTree = "<group>"; };
		55DD842B17BFFD5400AC42A1 /* TestCompass-Prefix.pch */ = {isa = PBXFileReference; lastKnownFileType = sourcecode.c.h; path = "TestCompass-Prefix.pch"; sourceTree = "<group>"; };
		55DD842C17BFFD5400AC42A1 /* AppDelegate.h */ = {isa = PBXFileReference; lastKnownFileType = sourcecode.c.h; path = AppDelegate.h; sourceTree = "<group>"; };
		55DD842D17BFFD5400AC42A1 /* AppDelegate.m */ = {isa = PBXFileReference; lastKnownFileType = sourcecode.c.objc; path = AppDelegate.m; sourceTree = "<group>"; };
		55DD842F17BFFD5400AC42A1 /* Default.png */ = {isa = PBXFileReference; lastKnownFileType = image.png; path = Default.png; sourceTree = "<group>"; };
		55DD843117BFFD5400AC42A1 /* Default@2x.png */ = {isa = PBXFileReference; lastKnownFileType = image.png; path = "Default@2x.png"; sourceTree = "<group>"; };
		55DD843317BFFD5400AC42A1 /* Default-568h@2x.png */ = {isa = PBXFileReference; lastKnownFileType = image.png; path = "Default-568h@2x.png"; sourceTree = "<group>"; };
		55DD843617BFFD5400AC42A1 /* en */ = {isa = PBXFileReference; lastKnownFileType = file.storyboard; name = en; path = en.lproj/MainStoryboard.storyboard; sourceTree = "<group>"; };
		55DD843817BFFD5400AC42A1 /* ViewController.h */ = {isa = PBXFileReference; lastKnownFileType = sourcecode.c.h; path = ViewController.h; sourceTree = "<group>"; };
		55DD843917BFFD5400AC42A1 /* ViewController.m */ = {isa = PBXFileReference; lastKnownFileType = sourcecode.c.objc; path = ViewController.m; sourceTree = "<group>"; };
		55DD844017BFFD6C00AC42A1 /* QuartzCore.framework */ = {isa = PBXFileReference; lastKnownFileType = wrapper.framework; name = QuartzCore.framework; path = System/Library/Frameworks/QuartzCore.framework; sourceTree = SDKROOT; };
		55DD844217BFFD7400AC42A1 /* CoreLocation.framework */ = {isa = PBXFileReference; lastKnownFileType = wrapper.framework; name = CoreLocation.framework; path = System/Library/Frameworks/CoreLocation.framework; sourceTree = SDKROOT; };
		55DD844417BFFE5800AC42A1 /* compass_needle.png */ = {isa = PBXFileReference; lastKnownFileType = image.png; path = compass_needle.png; sourceTree = "<group>"; };
/* End PBXFileReference section */

/* Begin PBXFrameworksBuildPhase section */
		55DD841717BFFD5400AC42A1 /* Frameworks */ = {
			isa = PBXFrameworksBuildPhase;
			buildActionMask = 2147483647;
			files = (
				55DD844317BFFD7400AC42A1 /* CoreLocation.framework in Frameworks */,
				55DD844117BFFD6C00AC42A1 /* QuartzCore.framework in Frameworks */,
				55DD841E17BFFD5400AC42A1 /* UIKit.framework in Frameworks */,
				55DD842017BFFD5400AC42A1 /* Foundation.framework in Frameworks */,
				55DD842217BFFD5400AC42A1 /* CoreGraphics.framework in Frameworks */,
			);
			runOnlyForDeploymentPostprocessing = 0;
		};
/* End PBXFrameworksBuildPhase section */

/* Begin PBXGroup section */
		55DD841117BFFD5400AC42A1 = {
			isa = PBXGroup;
			children = (
				55DD844217BFFD7400AC42A1 /* CoreLocation.framework */,
				55DD844017BFFD6C00AC42A1 /* QuartzCore.framework */,
				55DD842317BFFD5400AC42A1 /* TestCompass */,
				55DD841C17BFFD5400AC42A1 /* Frameworks */,
				55DD841B17BFFD5400AC42A1 /* Products */,
			);
			sourceTree = "<group>";
		};
		55DD841B17BFFD5400AC42A1 /* Products */ = {
			isa = PBXGroup;
			children = (
				55DD841A17BFFD5400AC42A1 /* TestCompass.app */,
			);
			name = Products;
			sourceTree = "<group>";
		};
		55DD841C17BFFD5400AC42A1 /* Frameworks */ = {
			isa = PBXGroup;
			children = (
				55DD841D17BFFD5400AC42A1 /* UIKit.framework */,
				55DD841F17BFFD5400AC42A1 /* Foundation.framework */,
				55DD842117BFFD5400AC42A1 /* CoreGraphics.framework */,
			);
			name = Frameworks;
			sourceTree = "<group>";
		};
		55DD842317BFFD5400AC42A1 /* TestCompass */ = {
			isa = PBXGroup;
			children = (
				55DD842C17BFFD5400AC42A1 /* AppDelegate.h */,
				55DD842D17BFFD5400AC42A1 /* AppDelegate.m */,
				55DD843517BFFD5400AC42A1 /* MainStoryboard.storyboard */,
				55DD844417BFFE5800AC42A1 /* compass_needle.png */,
				55DD843817BFFD5400AC42A1 /* ViewController.h */,
				55DD843917BFFD5400AC42A1 /* ViewController.m */,
				55DD842417BFFD5400AC42A1 /* Supporting Files */,
			);
			path = TestCompass;
			sourceTree = "<group>";
		};
		55DD842417BFFD5400AC42A1 /* Supporting Files */ = {
			isa = PBXGroup;
			children = (
				55DD842517BFFD5400AC42A1 /* TestCompass-Info.plist */,
				55DD842617BFFD5400AC42A1 /* InfoPlist.strings */,
				55DD842917BFFD5400AC42A1 /* main.m */,
				55DD842B17BFFD5400AC42A1 /* TestCompass-Prefix.pch */,
				55DD842F17BFFD5400AC42A1 /* Default.png */,
				55DD843117BFFD5400AC42A1 /* Default@2x.png */,
				55DD843317BFFD5400AC42A1 /* Default-568h@2x.png */,
			);
			name = "Supporting Files";
			sourceTree = "<group>";
		};
/* End PBXGroup section */

/* Begin PBXNativeTarget section */
		55DD841917BFFD5400AC42A1 /* TestCompass */ = {
			isa = PBXNativeTarget;
			buildConfigurationList = 55DD843D17BFFD5400AC42A1 /* Build configuration list for PBXNativeTarget "TestCompass" */;
			buildPhases = (
				55DD841617BFFD5400AC42A1 /* Sources */,
				55DD841717BFFD5400AC42A1 /* Frameworks */,
				55DD841817BFFD5400AC42A1 /* Resources */,
			);
			buildRules = (
			);
			dependencies = (
			);
			name = TestCompass;
			productName = TestCompass;
			productReference = 55DD841A17BFFD5400AC42A1 /* TestCompass.app */;
			productType = "com.apple.product-type.application";
		};
/* End PBXNativeTarget section */

/* Begin PBXProject section */
		55DD841217BFFD5400AC42A1 /* Project object */ = {
			isa = PBXProject;
			attributes = {
				LastUpgradeCheck = 0460;
				ORGANIZATIONNAME = "Umut Kanbak";
			};
			buildConfigurationList = 55DD841517BFFD5400AC42A1 /* Build configuration list for PBXProject "TestCompass" */;
			compatibilityVersion = "Xcode 3.2";
			developmentRegion = English;
			hasScannedForEncodings = 0;
			knownRegions = (
				en,
			);
			mainGroup = 55DD841117BFFD5400AC42A1;
			productRefGroup = 55DD841B17BFFD5400AC42A1 /* Products */;
			projectDirPath = "";
			projectRoot = "";
			targets = (
				55DD841917BFFD5400AC42A1 /* TestCompass */,
			);
		};
/* End PBXProject section */

/* Begin PBXResourcesBuildPhase section */
		55DD841817BFFD5400AC42A1 /* Resources */ = {
			isa = PBXResourcesBuildPhase;
			buildActionMask = 2147483647;
			files = (
				55DD842817BFFD5400AC42A1 /* InfoPlist.strings in Resources */,
				55DD843017BFFD5400AC42A1 /* Default.png in Resources */,
				55DD843217BFFD5400AC42A1 /* Default@2x.png in Resources */,
				55DD843417BFFD5400AC42A1 /* Default-568h@2x.png in Resources */,
				55DD843717BFFD5400AC42A1 /* MainStoryboard.storyboard in Resources */,
				55DD844517BFFE5800AC42A1 /* compass_needle.png in Resources */,
			);
			runOnlyForDeploymentPostprocessing = 0;
		};
/* End PBXResourcesBuildPhase section */

/* Begin PBXSourcesBuildPhase section */
		55DD841617BFFD5400AC42A1 /* Sources */ = {
			isa = PBXSourcesBuildPhase;
			buildActionMask = 2147483647;
			files = (
				55DD842A17BFFD5400AC42A1 /* main.m in Sources */,
				55DD842E17BFFD5400AC42A1 /* AppDelegate.m in Sources */,
				55DD843A17BFFD5400AC42A1 /* ViewController.m in Sources */,
			);
			runOnlyForDeploymentPostprocessing = 0;
		};
/* End PBXSourcesBuildPhase section */

/* Begin PBXVariantGroup section */
		55DD842617BFFD5400AC42A1 /* InfoPlist.strings */ = {
			isa = PBXVariantGroup;
			children = (
				55DD842717BFFD5400AC42A1 /* en */,
			);
			name = InfoPlist.strings;
			sourceTree = "<group>";
		};
		55DD843517BFFD5400AC42A1 /* MainStoryboard.storyboard */ = {
			isa = PBXVariantGroup;
			children = (
				55DD843617BFFD5400AC42A1 /* en */,
			);
			name = MainStoryboard.storyboard;
			sourceTree = "<group>";
		};
/* End PBXVariantGroup section */

/* Begin XCBuildConfiguration section */
		55DD843B17BFFD5400AC42A1 /* Debug */ = {
			isa = XCBuildConfiguration;
			buildSettings = {
				ALWAYS_SEARCH_USER_PATHS = NO;
				CLANG_CXX_LANGUAGE_STANDARD = "gnu++0x";
				CLANG_CXX_LIBRARY = "libc++";
				CLANG_ENABLE_OBJC_ARC = YES;
				CLANG_WARN_CONSTANT_CONVERSION = YES;
				CLANG_WARN_EMPTY_BODY = YES;
				CLANG_WARN_ENUM_CONVERSION = YES;
				CLANG_WARN_INT_CONVERSION = YES;
				CLANG_WARN__DUPLICATE_METHOD_MATCH = YES;
				"CODE_SIGN_IDENTITY[sdk=iphoneos*]" = "iPhone Developer";
				COPY_PHASE_STRIP = NO;
				GCC_C_LANGUAGE_STANDARD = gnu99;
				GCC_DYNAMIC_NO_PIC = NO;
				GCC_OPTIMIZATION_LEVEL = 0;
				GCC_PREPROCESSOR_DEFINITIONS = (
					"DEBUG=1",
					"$(inherited)",
				);
				GCC_SYMBOLS_PRIVATE_EXTERN = NO;
				GCC_WARN_ABOUT_RETURN_TYPE = YES;
				GCC_WARN_UNINITIALIZED_AUTOS = YES;
				GCC_WARN_UNUSED_VARIABLE = YES;
				IPHONEOS_DEPLOYMENT_TARGET = 6.1;
				ONLY_ACTIVE_ARCH = YES;
				SDKROOT = iphoneos;
			};
			name = Debug;
		};
		55DD843C17BFFD5400AC42A1 /* Release */ = {
			isa = XCBuildConfiguration;
			buildSettings = {
				ALWAYS_SEARCH_USER_PATHS = NO;
				CLANG_CXX_LANGUAGE_STANDARD = "gnu++0x";
				CLANG_CXX_LIBRARY = "libc++";
				CLANG_ENABLE_OBJC_ARC = YES;
				CLANG_WARN_CONSTANT_CONVERSION = YES;
				CLANG_WARN_EMPTY_BODY = YES;
				CLANG_WARN_ENUM_CONVERSION = YES;
				CLANG_WARN_INT_CONVERSION = YES;
				CLANG_WARN__DUPLICATE_METHOD_MATCH = YES;
				"CODE_SIGN_IDENTITY[sdk=iphoneos*]" = "iPhone Developer";
				COPY_PHASE_STRIP = YES;
				GCC_C_LANGUAGE_STANDARD = gnu99;
				GCC_WARN_ABOUT_RETURN_TYPE = YES;
				GCC_WARN_UNINITIALIZED_AUTOS = YES;
				GCC_WARN_UNUSED_VARIABLE = YES;
				IPHONEOS_DEPLOYMENT_TARGET = 6.1;
				OTHER_CFLAGS = "-DNS_BLOCK_ASSERTIONS=1";
				SDKROOT = iphoneos;
				VALIDATE_PRODUCT = YES;
			};
			name = Release;
		};
		55DD843E17BFFD5400AC42A1 /* Debug */ = {
			isa = XCBuildConfiguration;
			buildSettings = {
				GCC_PRECOMPILE_PREFIX_HEADER = YES;
				GCC_PREFIX_HEADER = "TestCompass/TestCompass-Prefix.pch";
				INFOPLIST_FILE = "TestCompass/TestCompass-Info.plist";
				PRODUCT_NAME = "$(TARGET_NAME)";
				WRAPPER_EXTENSION = app;
			};
			name = Debug;
		};
		55DD843F17BFFD5400AC42A1 /* Release */ = {
			isa = XCBuildConfiguration;
			buildSettings = {
				GCC_PRECOMPILE_PREFIX_HEADER = YES;
				GCC_PREFIX_HEADER = "TestCompass/TestCompass-Prefix.pch";
				INFOPLIST_FILE = "TestCompass/TestCompass-Info.plist";
				PRODUCT_NAME = "$(TARGET_NAME)";
				WRAPPER_EXTENSION = app;
			};
			name = Release;
		};
/* End XCBuildConfiguration section */

/* Begin XCConfigurationList section */
		55DD841517BFFD5400AC42A1 /* Build configuration list for PBXProject "TestCompass" */ = {
			isa = XCConfigurationList;
			buildConfigurations = (
				55DD843B17BFFD5400AC42A1 /* Debug */,
				55DD843C17BFFD5400AC42A1 /* Release */,
			);
			defaultConfigurationIsVisible = 0;
			defaultConfigurationName = Release;
		};
		55DD843D17BFFD5400AC42A1 /* Build configuration list for PBXNativeTarget "TestCompass" */ = {
			isa = XCConfigurationList;
			buildConfigurations = (
				55DD843E17BFFD5400AC42A1 /* Debug */,
				55DD843F17BFFD5400AC42A1 /* Release */,
			);
			defaultConfigurationIsVisible = 0;
		};
/* End XCConfigurationList section */
	};
	rootObject = 55DD841217BFFD5400AC42A1 /* Project object */;
}
